{
  "name": "rc-contact-gen",
  "version": "1.0.0",
  "lockfileVersion": 2,
  "requires": true,
  "packages": {
    "": {
      "name": "rc-contact-gen",
      "version": "1.0.0",
      "license": "ISC",
      "dependencies": {
        "@faker-js/faker": "^7.6.0",
        "csv": "^6.2.11",
        "csv-stringify": "^6.3.3"
      }
    },
    "node_modules/@faker-js/faker": {
      "version": "7.6.0",
      "resolved": "https://registry.npmjs.org/@faker-js/faker/-/faker-7.6.0.tgz",
      "integrity": "sha512-XK6BTq1NDMo9Xqw/YkYyGjSsg44fbNwYRx7QK2CuoQgyy+f1rrTDHoExVM5PsyXCtfl2vs2vVJ0MN0yN6LppRw==",
      "engines": {
        "node": ">=14.0.0",
        "npm": ">=6.0.0"
      }
    },
    "node_modules/csv": {
      "version": "6.2.11",
      "resolved": "https://registry.npmjs.org/csv/-/csv-6.2.11.tgz",
      "integrity": "sha512-MZR5oNS0UvNne7nWsI+VaEI21RuZVrjfmhfihCalIz1n2jcst5h+mUCEgDWSR3sy5lVJhETp5g0s9SXWBLFH8w==",
      "dependencies": {
        "csv-generate": "^4.2.5",
        "csv-parse": "^5.3.9",
        "csv-stringify": "^6.3.3",
        "stream-transform": "^3.2.5"
      },
      "engines": {
        "node": ">= 0.1.90"
      }
    },
    "node_modules/csv-generate": {
      "version": "4.2.5",
      "resolved": "https://registry.npmjs.org/csv-generate/-/csv-generate-4.2.5.tgz",
      "integrity": "sha512-CS4JQizdciP9dMGYz/wRm70+hbVGIYP+Hcx/kNR8eicAPZ3MUeq9G6AE8KqMZcZdcFv53m7gLpOaw2eg7nPP/w=="
    },
    "node_modules/csv-parse": {
      "version": "5.3.9",
      "resolved": "https://registry.npmjs.org/csv-parse/-/csv-parse-5.3.9.tgz",
      "integrity": "sha512-Nuh09OE1+wG6x5Lu2T+woxlupPAnWJ6Wj9XVYK74gP646e5gDrUsrCws1zz5NbckpQ+jygnxb8xDLj3gfBxi3w=="
    },
    "node_modules/csv-stringify": {
      "version": "6.3.3",
      "resolved": "https://registry.npmjs.org/csv-stringify/-/csv-stringify-6.3.3.tgz",
      "integrity": "sha512-bL926F/b6oJieWPt0njp3vfu8jySbPsDxCL4VUd9xHsJt3H/YJXLdzqOkh8y5l+1cBYOCEYbHNZ7ipVCfWzYSw=="
    },
    "node_modules/stream-transform": {
      "version": "3.2.5",
      "resolved": "https://registry.npmjs.org/stream-transform/-/stream-transform-3.2.5.tgz",
      "integrity": "sha512-B0p1gG7P0pFgVo4/xGACKC4IqcK+9DNCpkt+Jy/d9wVnbRxxJX1zQbJelBCsJ6H1mcfBt598T+JFP0DuA7NiHg=="
    }
  },
  "dependencies": {
    "@faker-js/faker": {
      "version": "7.6.0",
      "resolved": "https://registry.npmjs.org/@faker-js/faker/-/faker-7.6.0.tgz",
      "integrity": "sha512-XK6BTq1NDMo9Xqw/YkYyGjSsg44fbNwYRx7QK2CuoQgyy+f1rrTDHoExVM5PsyXCtfl2vs2vVJ0MN0yN6LppRw=="
    },
    "csv": {
      "version": "6.2.11",
      "resolved": "https://registry.npmjs.org/csv/-/csv-6.2.11.tgz",
      "integrity": "sha512-MZR5oNS0UvNne7nWsI+VaEI21RuZVrjfmhfihCalIz1n2jcst5h+mUCEgDWSR3sy5lVJhETp5g0s9SXWBLFH8w==",
      "requires": {
        "csv-generate": "^4.2.5",
        "csv-parse": "^5.3.9",
        "csv-stringify": "^6.3.3",
        "stream-transform": "^3.2.5"
      }
    },
    "csv-generate": {
      "version": "4.2.5",
      "resolved": "https://registry.npmjs.org/csv-generate/-/csv-generate-4.2.5.tgz",
      "integrity": "sha512-CS4JQizdciP9dMGYz/wRm70+hbVGIYP+Hcx/kNR8eicAPZ3MUeq9G6AE8KqMZcZdcFv53m7gLpOaw2eg7nPP/w=="
    },
    "csv-parse": {
      "version": "5.3.9",
      "resolved": "https://registry.npmjs.org/csv-parse/-/csv-parse-5.3.9.tgz",
      "integrity": "sha512-Nuh09OE1+wG6x5Lu2T+woxlupPAnWJ6Wj9XVYK74gP646e5gDrUsrCws1zz5NbckpQ+jygnxb8xDLj3gfBxi3w=="
    },
    "csv-stringify": {
      "version": "6.3.3",
      "resolved": "https://registry.npmjs.org/csv-stringify/-/csv-stringify-6.3.3.tgz",
      "integrity": "sha512-bL926F/b6oJieWPt0njp3vfu8jySbPsDxCL4VUd9xHsJt3H/YJXLdzqOkh8y5l+1cBYOCEYbHNZ7ipVCfWzYSw=="
    },
    "stream-transform": {
      "version": "3.2.5",
      "resolved": "https://registry.npmjs.org/stream-transform/-/stream-transform-3.2.5.tgz",
      "integrity": "sha512-B0p1gG7P0pFgVo4/xGACKC4IqcK+9DNCpkt+Jy/d9wVnbRxxJX1zQbJelBCsJ6H1mcfBt598T+JFP0DuA7NiHg=="
    }
  }
}
